// !$*UTF8*$!
{
	archiveVersion = 1;
	classes = {
	};
	objectVersion = 46;
	objects = {

/* Begin PBXBuildFile section */
		A07C69F41F7EF22200108407 /* HomeViewController.swift in Sources */ = {isa = PBXBuildFile; fileRef = A07C69F31F7EF22200108407 /* HomeViewController.swift */; };
		A07C69F61F7EFC0700108407 /* NavigationController.swift in Sources */ = {isa = PBXBuildFile; fileRef = A07C69F51F7EFC0700108407 /* NavigationController.swift */; };
		A07DEB201E2C1EB7004CF40A /* CreateSessionViewController.swift in Sources */ = {isa = PBXBuildFile; fileRef = A07DEB1F1E2C1EB7004CF40A /* CreateSessionViewController.swift */; };
		A07DEB221E2C3650004CF40A /* FriendTableViewCell.swift in Sources */ = {isa = PBXBuildFile; fileRef = A07DEB211E2C3650004CF40A /* FriendTableViewCell.swift */; };
		A07DEB241E2C39F0004CF40A /* Friend.swift in Sources */ = {isa = PBXBuildFile; fileRef = A07DEB231E2C39F0004CF40A /* Friend.swift */; };
		AE0E21091E2A976500B704F5 /* AppDelegate.swift in Sources */ = {isa = PBXBuildFile; fileRef = AE0E21081E2A976500B704F5 /* AppDelegate.swift */; };
		AE0E210B1E2A976500B704F5 /* ActiveSessionViewController.swift in Sources */ = {isa = PBXBuildFile; fileRef = AE0E210A1E2A976500B704F5 /* ActiveSessionViewController.swift */; };
		AE0E210E1E2A976500B704F5 /* Main.storyboard in Resources */ = {isa = PBXBuildFile; fileRef = AE0E210C1E2A976500B704F5 /* Main.storyboard */; };
		AE0E21101E2A976500B704F5 /* Assets.xcassets in Resources */ = {isa = PBXBuildFile; fileRef = AE0E210F1E2A976500B704F5 /* Assets.xcassets */; };
		AE0E21131E2A976500B704F5 /* LaunchScreen.storyboard in Resources */ = {isa = PBXBuildFile; fileRef = AE0E21111E2A976500B704F5 /* LaunchScreen.storyboard */; };
		AE0E211D1E2AABDD00B704F5 /* GlobalTypealiases .swift in Sources */ = {isa = PBXBuildFile; fileRef = AE0E211C1E2AABDD00B704F5 /* GlobalTypealiases .swift */; };
/* End PBXBuildFile section */

/* Begin PBXFileReference section */
		A07C69F31F7EF22200108407 /* HomeViewController.swift */ = {isa = PBXFileReference; lastKnownFileType = sourcecode.swift; path = HomeViewController.swift; sourceTree = "<group>"; };
		A07C69F51F7EFC0700108407 /* NavigationController.swift */ = {isa = PBXFileReference; lastKnownFileType = sourcecode.swift; path = NavigationController.swift; sourceTree = "<group>"; };
		A07DEB1F1E2C1EB7004CF40A /* CreateSessionViewController.swift */ = {isa = PBXFileReference; fileEncoding = 4; lastKnownFileType = sourcecode.swift; path = CreateSessionViewController.swift; sourceTree = "<group>"; };
		A07DEB211E2C3650004CF40A /* FriendTableViewCell.swift */ = {isa = PBXFileReference; fileEncoding = 4; lastKnownFileType = sourcecode.swift; path = FriendTableViewCell.swift; sourceTree = "<group>"; };
		A07DEB231E2C39F0004CF40A /* Friend.swift */ = {isa = PBXFileReference; fileEncoding = 4; lastKnownFileType = sourcecode.swift; path = Friend.swift; sourceTree = "<group>"; };
		AE0E21051E2A976500B704F5 /* MomentUS.app */ = {isa = PBXFileReference; explicitFileType = wrapper.application; includeInIndex = 0; path = MomentUS.app; sourceTree = BUILT_PRODUCTS_DIR; };
		AE0E21081E2A976500B704F5 /* AppDelegate.swift */ = {isa = PBXFileReference; lastKnownFileType = sourcecode.swift; path = AppDelegate.swift; sourceTree = "<group>"; };
		AE0E210A1E2A976500B704F5 /* ActiveSessionViewController.swift */ = {isa = PBXFileReference; lastKnownFileType = sourcecode.swift; path = ActiveSessionViewController.swift; sourceTree = "<group>"; };
		AE0E210D1E2A976500B704F5 /* Base */ = {isa = PBXFileReference; lastKnownFileType = file.storyboard; name = Base; path = Base.lproj/Main.storyboard; sourceTree = "<group>"; };
		AE0E210F1E2A976500B704F5 /* Assets.xcassets */ = {isa = PBXFileReference; lastKnownFileType = folder.assetcatalog; path = Assets.xcassets; sourceTree = "<group>"; };
		AE0E21121E2A976500B704F5 /* Base */ = {isa = PBXFileReference; lastKnownFileType = file.storyboard; name = Base; path = Base.lproj/LaunchScreen.storyboard; sourceTree = "<group>"; };
		AE0E21141E2A976500B704F5 /* Info.plist */ = {isa = PBXFileReference; lastKnownFileType = text.plist.xml; path = Info.plist; sourceTree = "<group>"; };
		AE0E211C1E2AABDD00B704F5 /* GlobalTypealiases .swift */ = {isa = PBXFileReference; fileEncoding = 4; lastKnownFileType = sourcecode.swift; path = "GlobalTypealiases .swift"; sourceTree = "<group>"; };
/* End PBXFileReference section */

/* Begin PBXFrameworksBuildPhase section */
		AE0E21021E2A976500B704F5 /* Frameworks */ = {
			isa = PBXFrameworksBuildPhase;
			buildActionMask = 2147483647;
			files = (
			);
			runOnlyForDeploymentPostprocessing = 0;
		};
/* End PBXFrameworksBuildPhase section */

/* Begin PBXGroup section */
		AE0E20FC1E2A976500B704F5 = {
			isa = PBXGroup;
			children = (
				AE0E21071E2A976500B704F5 /* MomentUS */,
				AE0E21061E2A976500B704F5 /* Products */,
			);
			sourceTree = "<group>";
		};
		AE0E21061E2A976500B704F5 /* Products */ = {
			isa = PBXGroup;
			children = (
				AE0E21051E2A976500B704F5 /* MomentUS.app */,
			);
			name = Products;
			sourceTree = "<group>";
		};
		AE0E21071E2A976500B704F5 /* MomentUS */ = {
			isa = PBXGroup;
			children = (
				AE0E21081E2A976500B704F5 /* AppDelegate.swift */,
				AE0E210A1E2A976500B704F5 /* ActiveSessionViewController.swift */,
				A07DEB1F1E2C1EB7004CF40A /* CreateSessionViewController.swift */,
				A07C69F31F7EF22200108407 /* HomeViewController.swift */,
				A07DEB231E2C39F0004CF40A /* Friend.swift */,
				A07DEB211E2C3650004CF40A /* FriendTableViewCell.swift */,
				A07C69F51F7EFC0700108407 /* NavigationController.swift */,
				AE0E211C1E2AABDD00B704F5 /* GlobalTypealiases .swift */,
				AE0E211A1E2A9DAD00B704F5 /* Storyboards */,
				AE0E211B1E2A9DCD00B704F5 /* Assets */,
				AE0E21141E2A976500B704F5 /* Info.plist */,
			);
			path = MomentUS;
			sourceTree = "<group>";
		};
		AE0E211A1E2A9DAD00B704F5 /* Storyboards */ = {
			isa = PBXGroup;
			children = (
				AE0E210C1E2A976500B704F5 /* Main.storyboard */,
				AE0E21111E2A976500B704F5 /* LaunchScreen.storyboard */,
			);
			name = Storyboards;
			sourceTree = "<group>";
		};
		AE0E211B1E2A9DCD00B704F5 /* Assets */ = {
			isa = PBXGroup;
			children = (
				AE0E210F1E2A976500B704F5 /* Assets.xcassets */,
			);
			name = Assets;
			sourceTree = "<group>";
		};
/* End PBXGroup section */

/* Begin PBXNativeTarget section */
		AE0E21041E2A976500B704F5 /* MomentUS */ = {
			isa = PBXNativeTarget;
			buildConfigurationList = AE0E21171E2A976500B704F5 /* Build configuration list for PBXNativeTarget "MomentUS" */;
			buildPhases = (
				AE0E21011E2A976500B704F5 /* Sources */,
				AE0E21021E2A976500B704F5 /* Frameworks */,
				AE0E21031E2A976500B704F5 /* Resources */,
			);
			buildRules = (
			);
			dependencies = (
			);
			name = MomentUS;
			productName = MomentUS;
			productReference = AE0E21051E2A976500B704F5 /* MomentUS.app */;
			productType = "com.apple.product-type.application";
		};
/* End PBXNativeTarget section */

/* Begin PBXProject section */
		AE0E20FD1E2A976500B704F5 /* Project object */ = {
			isa = PBXProject;
			attributes = {
				LastSwiftUpdateCheck = 0820;
				LastUpgradeCheck = 0820;
				ORGANIZATIONNAME = "Ian Connelly";
				TargetAttributes = {
					AE0E21041E2A976500B704F5 = {
						CreatedOnToolsVersion = 8.2.1;
						DevelopmentTeam = LRMF3MTAZ4;
						ProvisioningStyle = Automatic;
						SystemCapabilities = {
							com.apple.BackgroundModes = {
								enabled = 1;
							};
						};
					};
				};
			};
			buildConfigurationList = AE0E21001E2A976500B704F5 /* Build configuration list for PBXProject "MomentUS" */;
			compatibilityVersion = "Xcode 3.2";
			developmentRegion = English;
			hasScannedForEncodings = 0;
			knownRegions = (
				en,
				Base,
			);
			mainGroup = AE0E20FC1E2A976500B704F5;
			productRefGroup = AE0E21061E2A976500B704F5 /* Products */;
			projectDirPath = "";
			projectRoot = "";
			targets = (
				AE0E21041E2A976500B704F5 /* MomentUS */,
			);
		};
/* End PBXProject section */

/* Begin PBXResourcesBuildPhase section */
		AE0E21031E2A976500B704F5 /* Resources */ = {
			isa = PBXResourcesBuildPhase;
			buildActionMask = 2147483647;
			files = (
				AE0E21131E2A976500B704F5 /* LaunchScreen.storyboard in Resources */,
				AE0E21101E2A976500B704F5 /* Assets.xcassets in Resources */,
				AE0E210E1E2A976500B704F5 /* Main.storyboard in Resources */,
			);
			runOnlyForDeploymentPostprocessing = 0;
		};
/* End PBXResourcesBuildPhase section */

/* Begin PBXSourcesBuildPhase section */
		AE0E21011E2A976500B704F5 /* Sources */ = {
			isa = PBXSourcesBuildPhase;
			buildActionMask = 2147483647;
			files = (
				A07C69F61F7EFC0700108407 /* NavigationController.swift in Sources */,
				AE0E210B1E2A976500B704F5 /* ActiveSessionViewController.swift in Sources */,
				A07DEB201E2C1EB7004CF40A /* CreateSessionViewController.swift in Sources */,
				A07DEB221E2C3650004CF40A /* FriendTableViewCell.swift in Sources */,
				A07DEB241E2C39F0004CF40A /* Friend.swift in Sources */,
				AE0E21091E2A976500B704F5 /* AppDelegate.swift in Sources */,
				A07C69F41F7EF22200108407 /* HomeViewController.swift in Sources */,
				AE0E211D1E2AABDD00B704F5 /* GlobalTypealiases .swift in Sources */,
			);
			runOnlyForDeploymentPostprocessing = 0;
		};
/* End PBXSourcesBuildPhase section */

/* Begin PBXVariantGroup section */
		AE0E210C1E2A976500B704F5 /* Main.storyboard */ = {
			isa = PBXVariantGroup;
			children = (
				AE0E210D1E2A976500B704F5 /* Base */,
			);
			name = Main.storyboard;
			sourceTree = "<group>";
		};
		AE0E21111E2A976500B704F5 /* LaunchScreen.storyboard */ = {
			isa = PBXVariantGroup;
			children = (
				AE0E21121E2A976500B704F5 /* Base */,
			);
			name = LaunchScreen.storyboard;
			sourceTree = "<group>";
		};
/* End PBXVariantGroup section */

/* Begin XCBuildConfiguration section */
		AE0E21151E2A976500B704F5 /* Debug */ = {
			isa = XCBuildConfiguration;
			buildSettings = {
				ALWAYS_SEARCH_USER_PATHS = NO;
				CLANG_ANALYZER_NONNULL = YES;
				CLANG_CXX_LANGUAGE_STANDARD = "gnu++0x";
				CLANG_CXX_LIBRARY = "libc++";
				CLANG_ENABLE_MODULES = YES;
				CLANG_ENABLE_OBJC_ARC = YES;
				CLANG_WARN_BOOL_CONVERSION = YES;
				CLANG_WARN_CONSTANT_CONVERSION = YES;
				CLANG_WARN_DIRECT_OBJC_ISA_USAGE = YES_ERROR;
				CLANG_WARN_DOCUMENTATION_COMMENTS = YES;
				CLANG_WARN_EMPTY_BODY = YES;
				CLANG_WARN_ENUM_CONVERSION = YES;
				CLANG_WARN_INFINITE_RECURSION = YES;
				CLANG_WARN_INT_CONVERSION = YES;
				CLANG_WARN_OBJC_ROOT_CLASS = YES_ERROR;
				CLANG_WARN_SUSPICIOUS_MOVE = YES;
				CLANG_WARN_UNREACHABLE_CODE = YES;
				CLANG_WARN__DUPLICATE_METHOD_MATCH = YES;
				"CODE_SIGN_IDENTITY[sdk=iphoneos*]" = "iPhone Developer";
				COPY_PHASE_STRIP = NO;
				DEBUG_INFORMATION_FORMAT = dwarf;
				ENABLE_STRICT_OBJC_MSGSEND = YES;
				ENABLE_TESTABILITY = YES;
				GCC_C_LANGUAGE_STANDARD = gnu99;
				GCC_DYNAMIC_NO_PIC = NO;
				GCC_NO_COMMON_BLOCKS = YES;
				GCC_OPTIMIZATION_LEVEL = 0;
				GCC_PREPROCESSOR_DEFINITIONS = (
					"DEBUG=1",
					"$(inherited)",
				);
				GCC_WARN_64_TO_32_BIT_CONVERSION = YES;
				GCC_WARN_ABOUT_RETURN_TYPE = YES_ERROR;
				GCC_WARN_UNDECLARED_SELECTOR = YES;
				GCC_WARN_UNINITIALIZED_AUTOS = YES_AGGRESSIVE;
				GCC_WARN_UNUSED_FUNCTION = YES;
				GCC_WARN_UNUSED_VARIABLE = YES;
				IPHONEOS_DEPLOYMENT_TARGET = 10.2;
				MTL_ENABLE_DEBUG_INFO = YES;
				ONLY_ACTIVE_ARCH = YES;
				SDKROOT = iphoneos;
				SWIFT_ACTIVE_COMPILATION_CONDITIONS = DEBUG;
				SWIFT_OPTIMIZATION_LEVEL = "-Onone";
				TARGETED_DEVICE_FAMILY = "1,2";
			};
			name = Debug;
		};
		AE0E21161E2A976500B704F5 /* Release */ = {
			isa = XCBuildConfiguration;
			buildSettings = {
				ALWAYS_SEARCH_USER_PATHS = NO;
				CLANG_ANALYZER_NONNULL = YES;
				CLANG_CXX_LANGUAGE_STANDARD = "gnu++0x";
				CLANG_CXX_LIBRARY = "libc++";
				CLANG_ENABLE_MODULES = YES;
				CLANG_ENABLE_OBJC_ARC = YES;
				CLANG_WARN_BOOL_CONVERSION = YES;
				CLANG_WARN_CONSTANT_CONVERSION = YES;
				CLANG_WARN_DIRECT_OBJC_ISA_USAGE = YES_ERROR;
				CLANG_WARN_DOCUMENTATION_COMMENTS = YES;
				CLANG_WARN_EMPTY_BODY = YES;
				CLANG_WARN_ENUM_CONVERSION = YES;
				CLANG_WARN_INFINITE_RECURSION = YES;
				CLANG_WARN_INT_CONVERSION = YES;
				CLANG_WARN_OBJC_ROOT_CLASS = YES_ERROR;
				CLANG_WARN_SUSPICIOUS_MOVE = YES;
				CLANG_WARN_UNREACHABLE_CODE = YES;
				CLANG_WARN__DUPLICATE_METHOD_MATCH = YES;
				"CODE_SIGN_IDENTITY[sdk=iphoneos*]" = "iPhone Developer";
				COPY_PHASE_STRIP = NO;
				DEBUG_INFORMATION_FORMAT = "dwarf-with-dsym";
				ENABLE_NS_ASSERTIONS = NO;
				ENABLE_STRICT_OBJC_MSGSEND = YES;
				GCC_C_LANGUAGE_STANDARD = gnu99;
				GCC_NO_COMMON_BLOCKS = YES;
				GCC_WARN_64_TO_32_BIT_CONVERSION = YES;
				GCC_WARN_ABOUT_RETURN_TYPE = YES_ERROR;
				GCC_WARN_UNDECLARED_SELECTOR = YES;
				GCC_WARN_UNINITIALIZED_AUTOS = YES_AGGRESSIVE;
				GCC_WARN_UNUSED_FUNCTION = YES;
				GCC_WARN_UNUSED_VARIABLE = YES;
				IPHONEOS_DEPLOYMENT_TARGET = 10.2;
				MTL_ENABLE_DEBUG_INFO = NO;
				SDKROOT = iphoneos;
				SWIFT_OPTIMIZATION_LEVEL = "-Owholemodule";
				TARGETED_DEVICE_FAMILY = "1,2";
				VALIDATE_PRODUCT = YES;
			};
			name = Release;
		};
		AE0E21181E2A976500B704F5 /* Debug */ = {
			isa = XCBuildConfiguration;
			buildSettings = {
				ASSETCATALOG_COMPILER_APPICON_NAME = AppIcon;
				DEVELOPMENT_TEAM = LRMF3MTAZ4;
				INFOPLIST_FILE = MomentUS/Info.plist;
				IPHONEOS_DEPLOYMENT_TARGET = 9.0;
				LD_RUNPATH_SEARCH_PATHS = "$(inherited) @executable_path/Frameworks";
				PRODUCT_BUNDLE_IDENTIFIER = com.EconnHackathon.MomentUS;
				PRODUCT_NAME = "$(TARGET_NAME)";
				SWIFT_VERSION = 3.0;
			};
			name = Debug;
		};
		AE0E21191E2A976500B704F5 /* Release */ = {
			isa = XCBuildConfiguration;
			buildSettings = {
				ASSETCATALOG_COMPILER_APPICON_NAME = AppIcon;
				DEVELOPMENT_TEAM = LRMF3MTAZ4;
				INFOPLIST_FILE = MomentUS/Info.plist;
				IPHONEOS_DEPLOYMENT_TARGET = 9.0;
				LD_RUNPATH_SEARCH_PATHS = "$(inherited) @executable_path/Frameworks";
				PRODUCT_BUNDLE_IDENTIFIER = com.EconnHackathon.MomentUS;
				PRODUCT_NAME = "$(TARGET_NAME)";
				SWIFT_VERSION = 3.0;
			};
			name = Release;
		};
/* End XCBuildConfiguration section */

/* Begin XCConfigurationList section */
		AE0E21001E2A976500B704F5 /* Build configuration list for PBXProject "MomentUS" */ = {
			isa = XCConfigurationList;
			buildConfigurations = (
				AE0E21151E2A976500B704F5 /* Debug */,
				AE0E21161E2A976500B704F5 /* Release */,
			);
			defaultConfigurationIsVisible = 0;
			defaultConfigurationName = Release;
		};
		AE0E21171E2A976500B704F5 /* Build configuration list for PBXNativeTarget "MomentUS" */ = {
			isa = XCConfigurationList;
			buildConfigurations = (
				AE0E21181E2A976500B704F5 /* Debug */,
				AE0E21191E2A976500B704F5 /* Release */,
			);
			defaultConfigurationIsVisible = 0;
			defaultConfigurationName = Release;
		};
/* End XCConfigurationList section */
	};
	rootObject = AE0E20FD1E2A976500B704F5 /* Project object */;
}
